
Microsoft Visual Studio Solution File, Format Version 12.00
# Visual Studio Version 17
VisualStudioVersion = 17.13.36105.23 d17.13
MinimumVisualStudioVersion = 10.0.40219.1
Project("{FAE04EC0-301F-11D3-BF4B-00C04F79EFBC}") = "WirelessTagClientConsole", "WirelessTagClientConsole\WirelessTagClientConsole.csproj", "{A1301D03-A592-44D2-8B45-57C197369F06}"
EndProject
Project("{FAE04EC0-301F-11D3-BF4B-00C04F79EFBC}") = "WirelessTagClientLib", "WirelessTagClientLib\WirelessTagClientLib.csproj", "{ACBF5E08-4582-4980-BCB1-60BCF93BBF93}"
EndProject
Project("{FAE04EC0-301F-11D3-BF4B-00C04F79EFBC}") = "WirelessTagClientLib.Test", "WirelessTagClientLib.Test\WirelessTagClientLib.Test.csproj", "{2A0048DD-4B06-450B-A3A8-40B908D9E661}"
	ProjectSection(ProjectDependencies) = postProject
		{ACBF5E08-4582-4980-BCB1-60BCF93BBF93} = {ACBF5E08-4582-4980-BCB1-60BCF93BBF93}
	EndProjectSection
EndProject
Project("{FAE04EC0-301F-11D3-BF4B-00C04F79EFBC}") = "WirelessTagClientApp", "WirelessTagClientApp\WirelessTagClientApp.csproj", "{DBA8D2C4-B8F9-452F-9FF8-B5B304735787}"
EndProject
Project("{FAE04EC0-301F-11D3-BF4B-00C04F79EFBC}") = "WirelessTagClientApp.Test", "WirelessTagClientAppTest\WirelessTagClientApp.Test.csproj", "{2CE11CCD-4310-4FC1-8936-92C2E7BD114B}"
EndProject
Project("{FAE04EC0-301F-11D3-BF4B-00C04F79EFBC}") = "WirelessTagClientCache", "WirelessTagClientCache\WirelessTagClientCache.csproj", "{AAF7F26A-8045-46FD-9463-BD319C37C5E9}"
EndProject
Global
	GlobalSection(SolutionConfigurationPlatforms) = preSolution
		Debug|Any CPU = Debug|Any CPU
		Release|Any CPU = Release|Any CPU
	EndGlobalSection
	GlobalSection(ProjectConfigurationPlatforms) = postSolution
		{A1301D03-A592-44D2-8B45-57C197369F06}.Debug|Any CPU.ActiveCfg = Debug|Any CPU
		{A1301D03-A592-44D2-8B45-57C197369F06}.Debug|Any CPU.Build.0 = Debug|Any CPU
		{A1301D03-A592-44D2-8B45-57C197369F06}.Release|Any CPU.ActiveCfg = Release|Any CPU
		{A1301D03-A592-44D2-8B45-57C197369F06}.Release|Any CPU.Build.0 = Release|Any CPU
		{ACBF5E08-4582-4980-BCB1-60BCF93BBF93}.Debug|Any CPU.ActiveCfg = Debug|Any CPU
		{ACBF5E08-4582-4980-BCB1-60BCF93BBF93}.Debug|Any CPU.Build.0 = Debug|Any CPU
		{ACBF5E08-4582-4980-BCB1-60BCF93BBF93}.Release|Any CPU.ActiveCfg = Release|Any CPU
		{ACBF5E08-4582-4980-BCB1-60BCF93BBF93}.Release|Any CPU.Build.0 = Release|Any CPU
		{2A0048DD-4B06-450B-A3A8-40B908D9E661}.Debug|Any CPU.ActiveCfg = Debug|Any CPU
		{2A0048DD-4B06-450B-A3A8-40B908D9E661}.Debug|Any CPU.Build.0 = Debug|Any CPU
		{2A0048DD-4B06-450B-A3A8-40B908D9E661}.Release|Any CPU.ActiveCfg = Release|Any CPU
		{2A0048DD-4B06-450B-A3A8-40B908D9E661}.Release|Any CPU.Build.0 = Release|Any CPU
		{DBA8D2C4-B8F9-452F-9FF8-B5B304735787}.Debug|Any CPU.ActiveCfg = Debug|Any CPU
		{DBA8D2C4-B8F9-452F-9FF8-B5B304735787}.Debug|Any CPU.Build.0 = Debug|Any CPU
		{DBA8D2C4-B8F9-452F-9FF8-B5B304735787}.Release|Any CPU.ActiveCfg = Release|Any CPU
		{DBA8D2C4-B8F9-452F-9FF8-B5B304735787}.Release|Any CPU.Build.0 = Release|Any CPU
		{2CE11CCD-4310-4FC1-8936-92C2E7BD114B}.Debug|Any CPU.ActiveCfg = Debug|Any CPU
		{2CE11CCD-4310-4FC1-8936-92C2E7BD114B}.Debug|Any CPU.Build.0 = Debug|Any CPU
		{2CE11CCD-4310-4FC1-8936-92C2E7BD114B}.Release|Any CPU.ActiveCfg = Release|Any CPU
		{2CE11CCD-4310-4FC1-8936-92C2E7BD114B}.Release|Any CPU.Build.0 = Release|Any CPU
		{AAF7F26A-8045-46FD-9463-BD319C37C5E9}.Debug|Any CPU.ActiveCfg = Debug|Any CPU
		{AAF7F26A-8045-46FD-9463-BD319C37C5E9}.Debug|Any CPU.Build.0 = Debug|Any CPU
		{AAF7F26A-8045-46FD-9463-BD319C37C5E9}.Release|Any CPU.ActiveCfg = Release|Any CPU
		{AAF7F26A-8045-46FD-9463-BD319C37C5E9}.Release|Any CPU.Build.0 = Release|Any CPU
	EndGlobalSection
	GlobalSection(SolutionProperties) = preSolution
		HideSolutionNode = FALSE
	EndGlobalSection
	GlobalSection(ExtensibilityGlobals) = postSolution
		SolutionGuid = {216BCBD9-8A3C-4CC8-A778-437FBA4A1C36}
	EndGlobalSection
EndGlobal
